{
  "version": 4,
  "terraform_version": "1.3.6",
  "serial": 17,
  "lineage": "2f8d5a45-43f3-5286-77ce-3189b304ff91",
  "outputs": {},
  "resources": [
    {
      "mode": "managed",
      "type": "proxmox_vm_qemu",
      "name": "prox-vm",
      "provider": "provider[\"registry.terraform.io/telmate/proxmox\"]",
      "instances": [
        {
          "index_key": 0,
          "schema_version": 0,
          "attributes": {
            "agent": 1,
            "balloon": 2048,
            "bios": "seabios",
            "boot": "c",
            "bootdisk": "virtio0",
            "bridge": "",
            "ci_wait": null,
            "cicustom": "",
            "cipassword": "",
            "ciuser": "marcelo",
            "clone": "jammy-server-cloudimg",
            "clone_wait": 15,
            "cores": 2,
            "cpu": "kvm64",
            "define_connection_info": true,
            "desc": "",
            "disk": [
              {
                "backup": false,
                "cache": "none",
                "discard": "",
                "file": "vm-400-disk-0",
                "format": "raw",
                "iothread": false,
                "mbps": 0,
                "mbps_rd": 0,
                "mbps_rd_max": 0,
                "mbps_wr": 0,
                "mbps_wr_max": 0,
                "media": "",
                "replicate": false,
                "size": "2252M",
                "slot": 0,
                "ssd": false,
                "storage": "local-lvm",
                "storage_type": "lvmthin",
                "type": "scsi",
                "volume": "local-lvm:vm-400-disk-0"
              }
            ],
            "disk_gb": 0,
            "force_create": false,
            "force_recreate_on_change_of": null,
            "full_clone": true,
            "hastate": "",
            "hotplug": "network,disk,cpu,memory",
            "id": "breda/qemu/400",
            "ipconfig0": "ip=192.168.0.161/24,gw=192.168.0.1",
            "ipconfig1": "",
            "ipconfig2": "",
            "iso": null,
            "kvm": true,
            "mac": "",
            "memory": 2048,
            "name": "prod-vm",
            "nameserver": "",
            "network": [
              {
                "bridge": "vmbr0",
                "firewall": false,
                "link_down": false,
                "macaddr": "72:D9:92:A6:93:3F",
                "model": "virtio",
                "queues": 0,
                "rate": 0,
                "tag": -1
              }
            ],
            "nic": "",
            "numa": true,
            "onboot": false,
            "os_network_config": null,
            "os_type": "cloud-init",
            "pool": "",
            "preprovision": true,
            "qemu_os": "other",
            "scsihw": "virtio-scsi-pci",
            "searchdomain": "",
            "serial": [],
            "sockets": 1,
            "ssh_forward_ip": null,
            "ssh_host": "192.168.0.161",
            "ssh_port": "22",
            "ssh_private_key": null,
            "ssh_user": null,
            "sshkeys": "ssh-rsa AAAAB3NzaC1yc2EAAAADAQABAAABgQCStIRocn3UOL15XHjo3bq7ECNg1YBcJMt956oHG5ShORrvZzvDChCtH1UDO4YD4dDEUCxoKvsrYzOyLTrLjN+mukq/jDUceNOoIRDfcqSkZKWpYWmt6QB0tcwpgWACzcJzc0H7HZyr5vxoN18yekHFf1vlBLLd2iGM6PFDvqlCPMC4g2sPmqYI3pyC/2M+21T/g+61kYTZiGJIkYZfG+Ql8uFYxRflp2W9/7VnS4H2o07N4We2NV98zSFxXjsJtLEn51uz0aJAer1Qjkv99mu6K/n64fmxT7xprZ9mNWBQCgFKB7a1v6x//sgi6ZH6hBPmqXGJ8md3HahF7+mYeQJJGjltuCDtVQiNZUwK+tLZ4Pno77TEf9A4A5ChRc0bgRngMwSJ0/ZbHtgxYtdKJTPvA28rOookMnk6+S5WBZv4C/a5ECp7KWiA0GD1iSRK9eTv3ogmgoUnZ6Gc52EaFYIP7SVEOGL5vB/5/H14Qsa4kDQ8UkPVpENdwk9K+AMX6v0= marcelo@fedora\n\n",
            "storage": "",
            "storage_type": "",
            "target_node": "breda",
            "unused_disk": [],
            "vcpus": 2,
            "vga": [],
            "vlan": -1,
            "vmid": 400
          },
          "sensitive_attributes": [],
          "private": "bnVsbA=="
        }
      ]
    }
  ],
  "check_results": null
}
